
Microsoft Visual Studio Solution File, Format Version 12.00
# Visual Studio Version 16
VisualStudioVersion = 16.0.31911.196
MinimumVisualStudioVersion = 10.0.40219.1
Project("{9A19103F-16F7-4668-BE54-9A1E7A4F7556}") = "LeapYear", "LeapYear\LeapYear.csproj", "{A43B697C-EC6E-40C3-B958-9C1AC1126E50}"
EndProject
Project("{FAE04EC0-301F-11D3-BF4B-00C04F79EFBC}") = "BerlinClock", "BerlinClock\BerlinClock.csproj", "{9F7DDB74-A0F8-4645-B58B-348EE2741E1C}"
EndProject
Global
	GlobalSection(SolutionConfigurationPlatforms) = preSolution
		Debug|Any CPU = Debug|Any CPU
		Release|Any CPU = Release|Any CPU
	EndGlobalSection
	GlobalSection(ProjectConfigurationPlatforms) = postSolution
		{A43B697C-EC6E-40C3-B958-9C1AC1126E50}.Debug|Any CPU.ActiveCfg = Debug|Any CPU
		{A43B697C-EC6E-40C3-B958-9C1AC1126E50}.Debug|Any CPU.Build.0 = Debug|Any CPU
		{A43B697C-EC6E-40C3-B958-9C1AC1126E50}.Release|Any CPU.ActiveCfg = Release|Any CPU
		{A43B697C-EC6E-40C3-B958-9C1AC1126E50}.Release|Any CPU.Build.0 = Release|Any CPU
		{9F7DDB74-A0F8-4645-B58B-348EE2741E1C}.Debug|Any CPU.ActiveCfg = Debug|Any CPU
		{9F7DDB74-A0F8-4645-B58B-348EE2741E1C}.Debug|Any CPU.Build.0 = Debug|Any CPU
		{9F7DDB74-A0F8-4645-B58B-348EE2741E1C}.Release|Any CPU.ActiveCfg = Release|Any CPU
		{9F7DDB74-A0F8-4645-B58B-348EE2741E1C}.Release|Any CPU.Build.0 = Release|Any CPU
	EndGlobalSection
	GlobalSection(SolutionProperties) = preSolution
		HideSolutionNode = FALSE
	EndGlobalSection
	GlobalSection(ExtensibilityGlobals) = postSolution
		SolutionGuid = {2FD191EB-8790-43AC-A19F-AE3BA401D5CD}
	EndGlobalSection
EndGlobal
